
Microsoft Visual Studio Solution File, Format Version 12.00
# Visual Studio Version 17
VisualStudioVersion = 17.8.34322.80
MinimumVisualStudioVersion = 10.0.40219.1
Project("{9A19103F-16F7-4668-BE54-9A1E7A4F7556}") = "TesteApp", "TesteApp\TesteApp.csproj", "{9F1534CE-B8CF-4A21-9B1E-5C9175CCC04F}"
EndProject
Global
	GlobalSection(SolutionConfigurationPlatforms) = preSolution
		Debug|Any CPU = Debug|Any CPU
		Release|Any CPU = Release|Any CPU
	EndGlobalSection
	GlobalSection(ProjectConfigurationPlatforms) = postSolution
		{9F1534CE-B8CF-4A21-9B1E-5C9175CCC04F}.Debug|Any CPU.ActiveCfg = Debug|Any CPU
		{9F1534CE-B8CF-4A21-9B1E-5C9175CCC04F}.Debug|Any CPU.Build.0 = Debug|Any CPU
		{9F1534CE-B8CF-4A21-9B1E-5C9175CCC04F}.Release|Any CPU.ActiveCfg = Release|Any CPU
		{9F1534CE-B8CF-4A21-9B1E-5C9175CCC04F}.Release|Any CPU.Build.0 = Release|Any CPU
	EndGlobalSection
	GlobalSection(SolutionProperties) = preSolution
		HideSolutionNode = FALSE
	EndGlobalSection
	GlobalSection(ExtensibilityGlobals) = postSolution
		SolutionGuid = {D0125DD2-07E3-4EC3-A013-7BCBFE775573}
	EndGlobalSection
EndGlobal
